# This file is automatically @generated by Cargo.
# It is not intended for manual editing.
version = 4

[[package]]
name = "aion-cli"
version = "0.1.0"
dependencies = [
 "aion-engine",
]

[[package]]
name = "aion-core"
version = "0.1.0"

[[package]]
name = "aion-engine"
version = "0.1.0"
dependencies = [
 "aion-core",
 "aion-kernel",
]

[[package]]
name = "aion-kernel"
version = "0.1.0"
dependencies = [
 "aion-core",
]
