# This file is automatically @generated by Cargo.
# It is not intended for manual editing.
version = 4

[[package]]
name = "aion-cicd-pack"
version = "0.1.0"

[[package]]
name = "aion-evidence-export"
version = "0.1.0"

[[package]]
name = "aion-governance-pack"
version = "0.1.0"

[[package]]
name = "aion-secure-runtime"
version = "0.1.0"
